// !$*UTF8*$!
{
	archiveVersion = 1;
	classes = {
	};
	objectVersion = 46;
	objects = {

/* Begin PBXBuildFile section */
		7426B6831AF8763800903487 /* AppDelegate.swift in Sources */ = {isa = PBXBuildFile; fileRef = 7426B6821AF8763800903487 /* AppDelegate.swift */; };
		7426B6851AF8763800903487 /* PlayViewController.swift in Sources */ = {isa = PBXBuildFile; fileRef = 7426B6841AF8763800903487 /* PlayViewController.swift */; };
		7426B6881AF8763800903487 /* Main.storyboard in Resources */ = {isa = PBXBuildFile; fileRef = 7426B6861AF8763800903487 /* Main.storyboard */; };
		7426B68A1AF8763800903487 /* Images.xcassets in Resources */ = {isa = PBXBuildFile; fileRef = 7426B6891AF8763800903487 /* Images.xcassets */; };
		7426B68D1AF8763800903487 /* LaunchScreen.xib in Resources */ = {isa = PBXBuildFile; fileRef = 7426B68B1AF8763800903487 /* LaunchScreen.xib */; };
		7426B6991AF8763800903487 /* RockPaperScissorsTests.swift in Sources */ = {isa = PBXBuildFile; fileRef = 7426B6981AF8763800903487 /* RockPaperScissorsTests.swift */; };
		7426B6A31AF876F000903487 /* ResultsViewController.swift in Sources */ = {isa = PBXBuildFile; fileRef = 7426B6A21AF876F000903487 /* ResultsViewController.swift */; };
/* End PBXBuildFile section */

/* Begin PBXContainerItemProxy section */
		7426B6931AF8763800903487 /* PBXContainerItemProxy */ = {
			isa = PBXContainerItemProxy;
			containerPortal = 7426B6751AF8763800903487 /* Project object */;
			proxyType = 1;
			remoteGlobalIDString = 7426B67C1AF8763800903487;
			remoteInfo = RockPaperScissors;
		};
/* End PBXContainerItemProxy section */

/* Begin PBXFileReference section */
		7426B67D1AF8763800903487 /* RockPaperScissors.app */ = {isa = PBXFileReference; explicitFileType = wrapper.application; includeInIndex = 0; path = RockPaperScissors.app; sourceTree = BUILT_PRODUCTS_DIR; };
		7426B6811AF8763800903487 /* Info.plist */ = {isa = PBXFileReference; lastKnownFileType = text.plist.xml; path = Info.plist; sourceTree = "<group>"; };
		7426B6821AF8763800903487 /* AppDelegate.swift */ = {isa = PBXFileReference; lastKnownFileType = sourcecode.swift; path = AppDelegate.swift; sourceTree = "<group>"; };
		7426B6841AF8763800903487 /* PlayViewController.swift */ = {isa = PBXFileReference; lastKnownFileType = sourcecode.swift; path = PlayViewController.swift; sourceTree = "<group>"; };
		7426B6871AF8763800903487 /* Base */ = {isa = PBXFileReference; lastKnownFileType = file.storyboard; name = Base; path = Base.lproj/Main.storyboard; sourceTree = "<group>"; };
		7426B6891AF8763800903487 /* Images.xcassets */ = {isa = PBXFileReference; lastKnownFileType = folder.assetcatalog; path = Images.xcassets; sourceTree = "<group>"; };
		7426B68C1AF8763800903487 /* Base */ = {isa = PBXFileReference; lastKnownFileType = file.xib; name = Base; path = Base.lproj/LaunchScreen.xib; sourceTree = "<group>"; };
		7426B6921AF8763800903487 /* RockPaperScissorsTests.xctest */ = {isa = PBXFileReference; explicitFileType = wrapper.cfbundle; includeInIndex = 0; path = RockPaperScissorsTests.xctest; sourceTree = BUILT_PRODUCTS_DIR; };
		7426B6971AF8763800903487 /* Info.plist */ = {isa = PBXFileReference; lastKnownFileType = text.plist.xml; path = Info.plist; sourceTree = "<group>"; };
		7426B6981AF8763800903487 /* RockPaperScissorsTests.swift */ = {isa = PBXFileReference; lastKnownFileType = sourcecode.swift; path = RockPaperScissorsTests.swift; sourceTree = "<group>"; };
		7426B6A21AF876F000903487 /* ResultsViewController.swift */ = {isa = PBXFileReference; fileEncoding = 4; lastKnownFileType = sourcecode.swift; path = ResultsViewController.swift; sourceTree = "<group>"; };
/* End PBXFileReference section */

/* Begin PBXFrameworksBuildPhase section */
		7426B67A1AF8763800903487 /* Frameworks */ = {
			isa = PBXFrameworksBuildPhase;
			buildActionMask = 2147483647;
			files = (
			);
			runOnlyForDeploymentPostprocessing = 0;
		};
		7426B68F1AF8763800903487 /* Frameworks */ = {
			isa = PBXFrameworksBuildPhase;
			buildActionMask = 2147483647;
			files = (
			);
			runOnlyForDeploymentPostprocessing = 0;
		};
/* End PBXFrameworksBuildPhase section */

/* Begin PBXGroup section */
		7426B6741AF8763800903487 = {
			isa = PBXGroup;
			children = (
				7426B67F1AF8763800903487 /* RockPaperScissors */,
				7426B6951AF8763800903487 /* RockPaperScissorsTests */,
				7426B67E1AF8763800903487 /* Products */,
			);
			sourceTree = "<group>";
		};
		7426B67E1AF8763800903487 /* Products */ = {
			isa = PBXGroup;
			children = (
				7426B67D1AF8763800903487 /* RockPaperScissors.app */,
				7426B6921AF8763800903487 /* RockPaperScissorsTests.xctest */,
			);
			name = Products;
			sourceTree = "<group>";
		};
		7426B67F1AF8763800903487 /* RockPaperScissors */ = {
			isa = PBXGroup;
			children = (
				7426B6821AF8763800903487 /* AppDelegate.swift */,
				7426B6841AF8763800903487 /* PlayViewController.swift */,
				7426B6861AF8763800903487 /* Main.storyboard */,
				7426B6A21AF876F000903487 /* ResultsViewController.swift */,
				7426B6891AF8763800903487 /* Images.xcassets */,
				7426B68B1AF8763800903487 /* LaunchScreen.xib */,
				7426B6801AF8763800903487 /* Supporting Files */,
			);
			path = RockPaperScissors;
			sourceTree = "<group>";
		};
		7426B6801AF8763800903487 /* Supporting Files */ = {
			isa = PBXGroup;
			children = (
				7426B6811AF8763800903487 /* Info.plist */,
			);
			name = "Supporting Files";
			sourceTree = "<group>";
		};
		7426B6951AF8763800903487 /* RockPaperScissorsTests */ = {
			isa = PBXGroup;
			children = (
				7426B6981AF8763800903487 /* RockPaperScissorsTests.swift */,
				7426B6961AF8763800903487 /* Supporting Files */,
			);
			path = RockPaperScissorsTests;
			sourceTree = "<group>";
		};
		7426B6961AF8763800903487 /* Supporting Files */ = {
			isa = PBXGroup;
			children = (
				7426B6971AF8763800903487 /* Info.plist */,
			);
			name = "Supporting Files";
			sourceTree = "<group>";
		};
/* End PBXGroup section */

/* Begin PBXNativeTarget section */
		7426B67C1AF8763800903487 /* RockPaperScissors */ = {
			isa = PBXNativeTarget;
			buildConfigurationList = 7426B69C1AF8763800903487 /* Build configuration list for PBXNativeTarget "RockPaperScissors" */;
			buildPhases = (
				7426B6791AF8763800903487 /* Sources */,
				7426B67A1AF8763800903487 /* Frameworks */,
				7426B67B1AF8763800903487 /* Resources */,
			);
			buildRules = (
			);
			dependencies = (
			);
			name = RockPaperScissors;
			productName = RockPaperScissors;
			productReference = 7426B67D1AF8763800903487 /* RockPaperScissors.app */;
			productType = "com.apple.product-type.application";
		};
		7426B6911AF8763800903487 /* RockPaperScissorsTests */ = {
			isa = PBXNativeTarget;
			buildConfigurationList = 7426B69F1AF8763800903487 /* Build configuration list for PBXNativeTarget "RockPaperScissorsTests" */;
			buildPhases = (
				7426B68E1AF8763800903487 /* Sources */,
				7426B68F1AF8763800903487 /* Frameworks */,
				7426B6901AF8763800903487 /* Resources */,
			);
			buildRules = (
			);
			dependencies = (
				7426B6941AF8763800903487 /* PBXTargetDependency */,
			);
			name = RockPaperScissorsTests;
			productName = RockPaperScissorsTests;
			productReference = 7426B6921AF8763800903487 /* RockPaperScissorsTests.xctest */;
			productType = "com.apple.product-type.bundle.unit-test";
		};
/* End PBXNativeTarget section */

/* Begin PBXProject section */
		7426B6751AF8763800903487 /* Project object */ = {
			isa = PBXProject;
			attributes = {
				LastUpgradeCheck = 0630;
				ORGANIZATIONNAME = "theARTboy LLC";
				TargetAttributes = {
					7426B67C1AF8763800903487 = {
						CreatedOnToolsVersion = 6.3.1;
					};
					7426B6911AF8763800903487 = {
						CreatedOnToolsVersion = 6.3.1;
						TestTargetID = 7426B67C1AF8763800903487;
					};
				};
			};
			buildConfigurationList = 7426B6781AF8763800903487 /* Build configuration list for PBXProject "RockPaperScissors" */;
			compatibilityVersion = "Xcode 3.2";
			developmentRegion = English;
			hasScannedForEncodings = 0;
			knownRegions = (
				en,
				Base,
			);
			mainGroup = 7426B6741AF8763800903487;
			productRefGroup = 7426B67E1AF8763800903487 /* Products */;
			projectDirPath = "";
			projectRoot = "";
			targets = (
				7426B67C1AF8763800903487 /* RockPaperScissors */,
				7426B6911AF8763800903487 /* RockPaperScissorsTests */,
			);
		};
/* End PBXProject section */

/* Begin PBXResourcesBuildPhase section */
		7426B67B1AF8763800903487 /* Resources */ = {
			isa = PBXResourcesBuildPhase;
			buildActionMask = 2147483647;
			files = (
				7426B6881AF8763800903487 /* Main.storyboard in Resources */,
				7426B68D1AF8763800903487 /* LaunchScreen.xib in Resources */,
				7426B68A1AF8763800903487 /* Images.xcassets in Resources */,
			);
			runOnlyForDeploymentPostprocessing = 0;
		};
		7426B6901AF8763800903487 /* Resources */ = {
			isa = PBXResourcesBuildPhase;
			buildActionMask = 2147483647;
			files = (
			);
			runOnlyForDeploymentPostprocessing = 0;
		};
/* End PBXResourcesBuildPhase section */

/* Begin PBXSourcesBuildPhase section */
		7426B6791AF8763800903487 /* Sources */ = {
			isa = PBXSourcesBuildPhase;
			buildActionMask = 2147483647;
			files = (
				7426B6851AF8763800903487 /* PlayViewController.swift in Sources */,
				7426B6831AF8763800903487 /* AppDelegate.swift in Sources */,
				7426B6A31AF876F000903487 /* ResultsViewController.swift in Sources */,
			);
			runOnlyForDeploymentPostprocessing = 0;
		};
		7426B68E1AF8763800903487 /* Sources */ = {
			isa = PBXSourcesBuildPhase;
			buildActionMask = 2147483647;
			files = (
				7426B6991AF8763800903487 /* RockPaperScissorsTests.swift in Sources */,
			);
			runOnlyForDeploymentPostprocessing = 0;
		};
/* End PBXSourcesBuildPhase section */

/* Begin PBXTargetDependency section */
		7426B6941AF8763800903487 /* PBXTargetDependency */ = {
			isa = PBXTargetDependency;
			target = 7426B67C1AF8763800903487 /* RockPaperScissors */;
			targetProxy = 7426B6931AF8763800903487 /* PBXContainerItemProxy */;
		};
/* End PBXTargetDependency section */

/* Begin PBXVariantGroup section */
		7426B6861AF8763800903487 /* Main.storyboard */ = {
			isa = PBXVariantGroup;
			children = (
				7426B6871AF8763800903487 /* Base */,
			);
			name = Main.storyboard;
			sourceTree = "<group>";
		};
		7426B68B1AF8763800903487 /* LaunchScreen.xib */ = {
			isa = PBXVariantGroup;
			children = (
				7426B68C1AF8763800903487 /* Base */,
			);
			name = LaunchScreen.xib;
			sourceTree = "<group>";
		};
/* End PBXVariantGroup section */

/* Begin XCBuildConfiguration section */
		7426B69A1AF8763800903487 /* Debug */ = {
			isa = XCBuildConfiguration;
			buildSettings = {
				ALWAYS_SEARCH_USER_PATHS = NO;
				CLANG_CXX_LANGUAGE_STANDARD = "gnu++0x";
				CLANG_CXX_LIBRARY = "libc++";
				CLANG_ENABLE_MODULES = YES;
				CLANG_ENABLE_OBJC_ARC = YES;
				CLANG_WARN_BOOL_CONVERSION = YES;
				CLANG_WARN_CONSTANT_CONVERSION = YES;
				CLANG_WARN_DIRECT_OBJC_ISA_USAGE = YES_ERROR;
				CLANG_WARN_EMPTY_BODY = YES;
				CLANG_WARN_ENUM_CONVERSION = YES;
				CLANG_WARN_INT_CONVERSION = YES;
				CLANG_WARN_OBJC_ROOT_CLASS = YES_ERROR;
				CLANG_WARN_UNREACHABLE_CODE = YES;
				CLANG_WARN__DUPLICATE_METHOD_MATCH = YES;
				"CODE_SIGN_IDENTITY[sdk=iphoneos*]" = "iPhone Developer";
				COPY_PHASE_STRIP = NO;
				DEBUG_INFORMATION_FORMAT = "dwarf-with-dsym";
				ENABLE_STRICT_OBJC_MSGSEND = YES;
				GCC_C_LANGUAGE_STANDARD = gnu99;
				GCC_DYNAMIC_NO_PIC = NO;
				GCC_NO_COMMON_BLOCKS = YES;
				GCC_OPTIMIZATION_LEVEL = 0;
				GCC_PREPROCESSOR_DEFINITIONS = (
					"DEBUG=1",
					"$(inherited)",
				);
				GCC_SYMBOLS_PRIVATE_EXTERN = NO;
				GCC_WARN_64_TO_32_BIT_CONVERSION = YES;
				GCC_WARN_ABOUT_RETURN_TYPE = YES_ERROR;
				GCC_WARN_UNDECLARED_SELECTOR = YES;
				GCC_WARN_UNINITIALIZED_AUTOS = YES_AGGRESSIVE;
				GCC_WARN_UNUSED_FUNCTION = YES;
				GCC_WARN_UNUSED_VARIABLE = YES;
				IPHONEOS_DEPLOYMENT_TARGET = 8.3;
				MTL_ENABLE_DEBUG_INFO = YES;
				ONLY_ACTIVE_ARCH = YES;
				SDKROOT = iphoneos;
				SWIFT_OPTIMIZATION_LEVEL = "-Onone";
			};
			name = Debug;
		};
		7426B69B1AF8763800903487 /* Release */ = {
			isa = XCBuildConfiguration;
			buildSettings = {
				ALWAYS_SEARCH_USER_PATHS = NO;
				CLANG_CXX_LANGUAGE_STANDARD = "gnu++0x";
				CLANG_CXX_LIBRARY = "libc++";
				CLANG_ENABLE_MODULES = YES;
				CLANG_ENABLE_OBJC_ARC = YES;
				CLANG_WARN_BOOL_CONVERSION = YES;
				CLANG_WARN_CONSTANT_CONVERSION = YES;
				CLANG_WARN_DIRECT_OBJC_ISA_USAGE = YES_ERROR;
				CLANG_WARN_EMPTY_BODY = YES;
				CLANG_WARN_ENUM_CONVERSION = YES;
				CLANG_WARN_INT_CONVERSION = YES;
				CLANG_WARN_OBJC_ROOT_CLASS = YES_ERROR;
				CLANG_WARN_UNREACHABLE_CODE = YES;
				CLANG_WARN__DUPLICATE_METHOD_MATCH = YES;
				"CODE_SIGN_IDENTITY[sdk=iphoneos*]" = "iPhone Developer";
				COPY_PHASE_STRIP = NO;
				DEBUG_INFORMATION_FORMAT = "dwarf-with-dsym";
				ENABLE_NS_ASSERTIONS = NO;
				ENABLE_STRICT_OBJC_MSGSEND = YES;
				GCC_C_LANGUAGE_STANDARD = gnu99;
				GCC_NO_COMMON_BLOCKS = YES;
				GCC_WARN_64_TO_32_BIT_CONVERSION = YES;
				GCC_WARN_ABOUT_RETURN_TYPE = YES_ERROR;
				GCC_WARN_UNDECLARED_SELECTOR = YES;
				GCC_WARN_UNINITIALIZED_AUTOS = YES_AGGRESSIVE;
				GCC_WARN_UNUSED_FUNCTION = YES;
				GCC_WARN_UNUSED_VARIABLE = YES;
				IPHONEOS_DEPLOYMENT_TARGET = 8.3;
				MTL_ENABLE_DEBUG_INFO = NO;
				SDKROOT = iphoneos;
				VALIDATE_PRODUCT = YES;
			};
			name = Release;
		};
		7426B69D1AF8763800903487 /* Debug */ = {
			isa = XCBuildConfiguration;
			buildSettings = {
				ASSETCATALOG_COMPILER_APPICON_NAME = AppIcon;
				INFOPLIST_FILE = RockPaperScissors/Info.plist;
				LD_RUNPATH_SEARCH_PATHS = "$(inherited) @executable_path/Frameworks";
				PRODUCT_NAME = "$(TARGET_NAME)";
			};
			name = Debug;
		};
		7426B69E1AF8763800903487 /* Release */ = {
			isa = XCBuildConfiguration;
			buildSettings = {
				ASSETCATALOG_COMPILER_APPICON_NAME = AppIcon;
				INFOPLIST_FILE = RockPaperScissors/Info.plist;
				LD_RUNPATH_SEARCH_PATHS = "$(inherited) @executable_path/Frameworks";
				PRODUCT_NAME = "$(TARGET_NAME)";
			};
			name = Release;
		};
		7426B6A01AF8763800903487 /* Debug */ = {
			isa = XCBuildConfiguration;
			buildSettings = {
				BUNDLE_LOADER = "$(TEST_HOST)";
				FRAMEWORK_SEARCH_PATHS = (
					"$(SDKROOT)/Developer/Library/Frameworks",
					"$(inherited)",
				);
				GCC_PREPROCESSOR_DEFINITIONS = (
					"DEBUG=1",
					"$(inherited)",
				);
				INFOPLIST_FILE = RockPaperScissorsTests/Info.plist;
				LD_RUNPATH_SEARCH_PATHS = "$(inherited) @executable_path/Frameworks @loader_path/Frameworks";
				PRODUCT_NAME = "$(TARGET_NAME)";
				TEST_HOST = "$(BUILT_PRODUCTS_DIR)/RockPaperScissors.app/RockPaperScissors";
			};
			name = Debug;
		};
		7426B6A11AF8763800903487 /* Release */ = {
			isa = XCBuildConfiguration;
			buildSettings = {
				BUNDLE_LOADER = "$(TEST_HOST)";
				FRAMEWORK_SEARCH_PATHS = (
					"$(SDKROOT)/Developer/Library/Frameworks",
					"$(inherited)",
				);
				INFOPLIST_FILE = RockPaperScissorsTests/Info.plist;
				LD_RUNPATH_SEARCH_PATHS = "$(inherited) @executable_path/Frameworks @loader_path/Frameworks";
				PRODUCT_NAME = "$(TARGET_NAME)";
				TEST_HOST = "$(BUILT_PRODUCTS_DIR)/RockPaperScissors.app/RockPaperScissors";
			};
			name = Release;
		};
/* End XCBuildConfiguration section */

/* Begin XCConfigurationList section */
		7426B6781AF8763800903487 /* Build configuration list for PBXProject "RockPaperScissors" */ = {
			isa = XCConfigurationList;
			buildConfigurations = (
				7426B69A1AF8763800903487 /* Debug */,
				7426B69B1AF8763800903487 /* Release */,
			);
			defaultConfigurationIsVisible = 0;
			defaultConfigurationName = Release;
		};
		7426B69C1AF8763800903487 /* Build configuration list for PBXNativeTarget "RockPaperScissors" */ = {
			isa = XCConfigurationList;
			buildConfigurations = (
				7426B69D1AF8763800903487 /* Debug */,
				7426B69E1AF8763800903487 /* Release */,
			);
			defaultConfigurationIsVisible = 0;
		};
		7426B69F1AF8763800903487 /* Build configuration list for PBXNativeTarget "RockPaperScissorsTests" */ = {
			isa = XCConfigurationList;
			buildConfigurations = (
				7426B6A01AF8763800903487 /* Debug */,
				7426B6A11AF8763800903487 /* Release */,
			);
			defaultConfigurationIsVisible = 0;
		};
/* End XCConfigurationList section */
	};
	rootObject = 7426B6751AF8763800903487 /* Project object */;
}
